<?xml version="1.0" encoding="utf-8"?>
<Project ToolsVersion="4.0" xmlns="http://schemas.microsoft.com/developer/msbuild/2003">
  <ItemGroup>
    <Filter Include="Utils">
      <UniqueIdentifier>{93995380-89BD-4b04-88EB-625FBE52EBFB}</UniqueIdentifier>
      <Extensions>h;hh;hpp;hxx;h++;hm;inl;inc;ipp;xsd</Extensions>
    </Filter>
    <Filter Include="Core">
      <UniqueIdentifier>{67DA6AB6-F800-4c08-8B7A-83BB121AAD01}</UniqueIdentifier>
      <Extensions>rc;ico;cur;bmp;dlg;rc2;rct;bin;rgs;gif;jpg;jpeg;jpe;resx;tiff;tif;png;wav;mfcribbon-ms</Extensions>
    </Filter>
    <Filter Include="Utils\TEMP">
      <UniqueIdentifier>{35b07fe4-77dd-4934-aace-f42c2ac6317c}</UniqueIdentifier>
    </Filter>
    <Filter Include="Graphics">
      <UniqueIdentifier>{f0670b1d-f4a6-4c11-86d1-bdfc0b926fde}</UniqueIdentifier>
    </Filter>
    <Filter Include="Graphics\Shaders">
      <UniqueIdentifier>{33743cd4-fe55-42e2-904a-6cfb68e55dcb}</UniqueIdentifier>
    </Filter>
    <Filter Include="Graphics\Noise">
      <UniqueIdentifier>{1f93c186-983b-4514-8fed-9e8e2d0949c0}</UniqueIdentifier>
    </Filter>
    <Filter Include="Tools">
      <UniqueIdentifier>{8a8c3d8e-1eb2-412e-b187-bdbc5eda8d90}</UniqueIdentifier>
    </Filter>
    <Filter Include="Object">
      <UniqueIdentifier>{d2451298-c780-4091-8a4a-557978757402}</UniqueIdentifier>
    </Filter>
    <Filter Include="Object\StaticObject">
      <UniqueIdentifier>{86df1a06-2a9c-4174-ba34-a908f06a3197}</UniqueIdentifier>
    </Filter>
    <Filter Include="Tools\Camera">
      <UniqueIdentifier>{aad6679f-837c-4aeb-875d-68ef8d5a2fae}</UniqueIdentifier>
    </Filter>
    <Filter Include="Graphics\Font">
      <UniqueIdentifier>{0ec2c58e-5eca-44ba-976a-2b95b675750d}</UniqueIdentifier>
    </Filter>
  </ItemGroup>
  <ItemGroup>
    <ClInclude Include="pch.h">
      <Filter>Utils</Filter>
    </ClInclude>
    <ClInclude Include="CorePch.h">
      <Filter>Utils</Filter>
    </ClInclude>
    <ClInclude Include="..\ThirdParty\DirectXTex\DirectXTex.h">
      <Filter>Utils</Filter>
    </ClInclude>
    <ClInclude Include="SimpleMath.h">
      <Filter>Utils</Filter>
    </ClInclude>
    <ClInclude Include="Engine.h">
      <Filter>Core</Filter>
    </ClInclude>
    <ClInclude Include="Win32Core.h">
      <Filter>Core</Filter>
    </ClInclude>
    <ClInclude Include="SwapChain.h">
      <Filter>Core</Filter>
    </ClInclude>
    <ClInclude Include="FrameBuffering.h">
      <Filter>Core</Filter>
    </ClInclude>
    <ClInclude Include="Device.h">
      <Filter>Core</Filter>
    </ClInclude>
    <ClInclude Include="ConstantBuffer.h">
      <Filter>Core</Filter>
    </ClInclude>
    <ClInclude Include="DescriptorTable.h">
      <Filter>Core</Filter>
    </ClInclude>
    <ClInclude Include="RootSignature.h">
      <Filter>Graphics</Filter>
    </ClInclude>
    <ClInclude Include="d3dx12.h">
      <Filter>Utils</Filter>
    </ClInclude>
    <ClInclude Include="Shader.h">
      <Filter>Graphics</Filter>
    </ClInclude>
    <ClInclude Include="Mesh.h">
      <Filter>Graphics</Filter>
    </ClInclude>
    <ClInclude Include="Texture.h">
      <Filter>Graphics</Filter>
    </ClInclude>
    <ClInclude Include="DepthStencilBuffer.h">
      <Filter>Graphics</Filter>
    </ClInclude>
    <ClInclude Include="PerlinNoiseResource.h">
      <Filter>Graphics\Noise</Filter>
    </ClInclude>
    <ClInclude Include="PerlinNoise.h">
      <Filter>Graphics\Noise</Filter>
    </ClInclude>
    <ClInclude Include="GameTimer.h">
      <Filter>Tools</Filter>
    </ClInclude>
    <ClInclude Include="MeshGenerator.h">
      <Filter>Graphics</Filter>
    </ClInclude>
    <ClInclude Include="GameObject.h">
      <Filter>Object</Filter>
    </ClInclude>
    <ClInclude Include="Material.h">
      <Filter>Graphics</Filter>
    </ClInclude>
    <ClInclude Include="Scene.h">
      <Filter>Object</Filter>
    </ClInclude>
    <ClInclude Include="StaticMaterial.h">
      <Filter>Object\StaticObject</Filter>
    </ClInclude>
    <ClInclude Include="StaticMesh.h">
      <Filter>Object\StaticObject</Filter>
    </ClInclude>
    <ClInclude Include="SceneManager.h">
      <Filter>Object</Filter>
    </ClInclude>
    <ClInclude Include="StaticPrefab.h">
      <Filter>Object\StaticObject</Filter>
    </ClInclude>
    <ClInclude Include="DefaultCamera.h">
      <Filter>Tools\Camera</Filter>
    </ClInclude>
    <ClInclude Include="Camera.h">
      <Filter>Tools\Camera</Filter>
    </ClInclude>
    <ClInclude Include="Input.h">
      <Filter>Tools</Filter>
    </ClInclude>
    <ClInclude Include="Lighting.h">
      <Filter>Graphics</Filter>
    </ClInclude>
    <ClInclude Include="FontResource.h">
      <Filter>Graphics\Font</Filter>
    </ClInclude>
  </ItemGroup>
  <ItemGroup>
    <ClCompile Include="pch.cpp">
      <Filter>Utils</Filter>
    </ClCompile>
    <ClCompile Include="CorePch.cpp">
      <Filter>Utils</Filter>
    </ClCompile>
    <ClCompile Include="Engine.cpp">
      <Filter>Core</Filter>
    </ClCompile>
    <ClCompile Include="Win32Core.cpp">
      <Filter>Core</Filter>
    </ClCompile>
    <ClCompile Include="SwapChain.cpp">
      <Filter>Core</Filter>
    </ClCompile>
    <ClCompile Include="FrameBuffering.cpp">
      <Filter>Core</Filter>
    </ClCompile>
    <ClCompile Include="Device.cpp">
      <Filter>Core</Filter>
    </ClCompile>
    <ClCompile Include="ConstantBuffer.cpp">
      <Filter>Core</Filter>
    </ClCompile>
    <ClCompile Include="DescriptorTable.cpp">
      <Filter>Core</Filter>
    </ClCompile>
    <ClCompile Include="RootSignature.cpp">
      <Filter>Graphics</Filter>
    </ClCompile>
    <ClCompile Include="Shader.cpp">
      <Filter>Graphics</Filter>
    </ClCompile>
    <ClCompile Include="Mesh.cpp">
      <Filter>Graphics</Filter>
    </ClCompile>
    <ClCompile Include="Texture.cpp">
      <Filter>Graphics</Filter>
    </ClCompile>
    <ClCompile Include="DepthStencilBuffer.cpp">
      <Filter>Graphics</Filter>
    </ClCompile>
    <ClCompile Include="PerlinNoiseResource.cpp">
      <Filter>Graphics\Noise</Filter>
    </ClCompile>
    <ClCompile Include="PerlinNoise.cpp">
      <Filter>Graphics\Noise</Filter>
    </ClCompile>
    <ClCompile Include="GameTimer.cpp">
      <Filter>Tools</Filter>
    </ClCompile>
    <ClCompile Include="MeshGenerator.cpp">
      <Filter>Graphics</Filter>
    </ClCompile>
    <ClCompile Include="GameObject.cpp">
      <Filter>Object</Filter>
    </ClCompile>
    <ClCompile Include="Material.cpp">
      <Filter>Graphics</Filter>
    </ClCompile>
    <ClCompile Include="Scene.cpp">
      <Filter>Object</Filter>
    </ClCompile>
    <ClCompile Include="StaticMaterial.cpp">
      <Filter>Object\StaticObject</Filter>
    </ClCompile>
    <ClCompile Include="StaticMesh.cpp">
      <Filter>Object\StaticObject</Filter>
    </ClCompile>
    <ClCompile Include="SceneManager.cpp">
      <Filter>Object</Filter>
    </ClCompile>
    <ClCompile Include="StaticPrefab.cpp">
      <Filter>Object\StaticObject</Filter>
    </ClCompile>
    <ClCompile Include="DefaultCamera.cpp">
      <Filter>Tools\Camera</Filter>
    </ClCompile>
    <ClCompile Include="Camera.cpp">
      <Filter>Tools\Camera</Filter>
    </ClCompile>
    <ClCompile Include="Input.cpp">
      <Filter>Tools</Filter>
    </ClCompile>
    <ClCompile Include="Lighting.cpp">
      <Filter>Graphics</Filter>
    </ClCompile>
    <ClCompile Include="FontResource.cpp">
      <Filter>Graphics\Font</Filter>
    </ClCompile>
  </ItemGroup>
  <ItemGroup>
    <None Include="..\ThirdParty\DirectXTex\DirectXTex.inl">
      <Filter>Utils</Filter>
    </None>
    <None Include="SimpleMath.inl">
      <Filter>Utils</Filter>
    </None>
  </ItemGroup>
  <ItemGroup>
    <Text Include="memo.txt">
      <Filter>Utils\TEMP</Filter>
    </Text>
  </ItemGroup>
  <ItemGroup>
    <FxCompile Include="..\Resources\Shaders\default.hlsl">
      <Filter>Graphics\Shaders</Filter>
    </FxCompile>
    <FxCompile Include="..\Resources\Shaders\params.hlsl">
      <Filter>Graphics\Shaders</Filter>
    </FxCompile>
    <FxCompile Include="..\Resources\Shaders\lighting.hlsl">
      <Filter>Graphics\Shaders</Filter>
    </FxCompile>
  </ItemGroup>
</Project>