<?xml version="1.0" encoding="utf-8"?>
<Project ToolsVersion="4.0" xmlns="http://schemas.microsoft.com/developer/msbuild/2003">
  <ItemGroup>
    <Filter Include="Utils">
      <UniqueIdentifier>{93995380-89BD-4b04-88EB-625FBE52EBFB}</UniqueIdentifier>
      <Extensions>h;hh;hpp;hxx;h++;hm;inl;inc;ipp;xsd</Extensions>
    </Filter>
    <Filter Include="Core">
      <UniqueIdentifier>{67DA6AB6-F800-4c08-8B7A-83BB121AAD01}</UniqueIdentifier>
      <Extensions>rc;ico;cur;bmp;dlg;rc2;rct;bin;rgs;gif;jpg;jpeg;jpe;resx;tiff;tif;png;wav;mfcribbon-ms</Extensions>
    </Filter>
    <Filter Include="Utils\TEMP">
      <UniqueIdentifier>{35b07fe4-77dd-4934-aace-f42c2ac6317c}</UniqueIdentifier>
    </Filter>
    <Filter Include="Graphics">
      <UniqueIdentifier>{f0670b1d-f4a6-4c11-86d1-bdfc0b926fde}</UniqueIdentifier>
    </Filter>
    <Filter Include="Graphics\Shaders">
      <UniqueIdentifier>{33743cd4-fe55-42e2-904a-6cfb68e55dcb}</UniqueIdentifier>
    </Filter>
    <Filter Include="Graphics\Noise">
      <UniqueIdentifier>{1f93c186-983b-4514-8fed-9e8e2d0949c0}</UniqueIdentifier>
    </Filter>
  </ItemGroup>
  <ItemGroup>
    <ClInclude Include="pch.h">
      <Filter>Utils</Filter>
    </ClInclude>
    <ClInclude Include="CorePch.h">
      <Filter>Utils</Filter>
    </ClInclude>
    <ClInclude Include="..\ThirdParty\DirectXTex\DirectXTex.h">
      <Filter>Utils</Filter>
    </ClInclude>
    <ClInclude Include="SimpleMath.h">
      <Filter>Utils</Filter>
    </ClInclude>
    <ClInclude Include="Engine.h">
      <Filter>Core</Filter>
    </ClInclude>
    <ClInclude Include="Win32Core.h">
      <Filter>Core</Filter>
    </ClInclude>
    <ClInclude Include="SwapChain.h">
      <Filter>Core</Filter>
    </ClInclude>
    <ClInclude Include="FrameBuffering.h">
      <Filter>Core</Filter>
    </ClInclude>
    <ClInclude Include="Device.h">
      <Filter>Core</Filter>
    </ClInclude>
    <ClInclude Include="ConstantBuffer.h">
      <Filter>Core</Filter>
    </ClInclude>
    <ClInclude Include="DescriptorTable.h">
      <Filter>Core</Filter>
    </ClInclude>
    <ClInclude Include="RootSignature.h">
      <Filter>Graphics</Filter>
    </ClInclude>
    <ClInclude Include="d3dx12.h">
      <Filter>Utils</Filter>
    </ClInclude>
    <ClInclude Include="Shader.h">
      <Filter>Graphics</Filter>
    </ClInclude>
    <ClInclude Include="Mesh.h">
      <Filter>Graphics</Filter>
    </ClInclude>
    <ClInclude Include="Texture.h">
      <Filter>Graphics</Filter>
    </ClInclude>
    <ClInclude Include="DepthStencilBuffer.h">
      <Filter>Graphics</Filter>
    </ClInclude>
    <ClInclude Include="PerlinNoiseResource.h">
      <Filter>Graphics\Noise</Filter>
    </ClInclude>
    <ClInclude Include="PerlinNoise.h">
      <Filter>Graphics\Noise</Filter>
    </ClInclude>
  </ItemGroup>
  <ItemGroup>
    <ClCompile Include="pch.cpp">
      <Filter>Utils</Filter>
    </ClCompile>
    <ClCompile Include="CorePch.cpp">
      <Filter>Utils</Filter>
    </ClCompile>
    <ClCompile Include="Engine.cpp">
      <Filter>Core</Filter>
    </ClCompile>
    <ClCompile Include="Win32Core.cpp">
      <Filter>Core</Filter>
    </ClCompile>
    <ClCompile Include="SwapChain.cpp">
      <Filter>Core</Filter>
    </ClCompile>
    <ClCompile Include="FrameBuffering.cpp">
      <Filter>Core</Filter>
    </ClCompile>
    <ClCompile Include="Device.cpp">
      <Filter>Core</Filter>
    </ClCompile>
    <ClCompile Include="ConstantBuffer.cpp">
      <Filter>Core</Filter>
    </ClCompile>
    <ClCompile Include="DescriptorTable.cpp">
      <Filter>Core</Filter>
    </ClCompile>
    <ClCompile Include="RootSignature.cpp">
      <Filter>Graphics</Filter>
    </ClCompile>
    <ClCompile Include="Shader.cpp">
      <Filter>Graphics</Filter>
    </ClCompile>
    <ClCompile Include="Mesh.cpp">
      <Filter>Graphics</Filter>
    </ClCompile>
    <ClCompile Include="Texture.cpp">
      <Filter>Graphics</Filter>
    </ClCompile>
    <ClCompile Include="DepthStencilBuffer.cpp">
      <Filter>Graphics</Filter>
    </ClCompile>
    <ClCompile Include="PerlinNoiseResource.cpp">
      <Filter>Graphics\Noise</Filter>
    </ClCompile>
    <ClCompile Include="PerlinNoise.cpp">
      <Filter>Graphics\Noise</Filter>
    </ClCompile>
  </ItemGroup>
  <ItemGroup>
    <None Include="..\ThirdParty\DirectXTex\DirectXTex.inl">
      <Filter>Utils</Filter>
    </None>
    <None Include="SimpleMath.inl">
      <Filter>Utils</Filter>
    </None>
  </ItemGroup>
  <ItemGroup>
    <Text Include="memo.txt">
      <Filter>Utils\TEMP</Filter>
    </Text>
  </ItemGroup>
  <ItemGroup>
    <FxCompile Include="..\Resources\Shaders\default.hlsl">
      <Filter>Graphics\Shaders</Filter>
    </FxCompile>
    <FxCompile Include="..\Resources\Shaders\params.hlsl">
      <Filter>Graphics\Shaders</Filter>
    </FxCompile>
  </ItemGroup>
</Project>